// !$*UTF8*$!
{
	archiveVersion = 1;
	classes = {
	};
	objectVersion = 77;
	objects = {

/* Begin PBXBuildFile section */
		3C2697D92D84C4DC00B01E05 /* Kingfisher in Frameworks */ = {isa = PBXBuildFile; productRef = 3C2697D82D84C4DC00B01E05 /* Kingfisher */; };
		3C2697DC2D84C86F00B01E05 /* SwiftKeychainWrapper in Frameworks */ = {isa = PBXBuildFile; productRef = 3C2697DB2D84C86F00B01E05 /* SwiftKeychainWrapper */; };
		3CBFD55F2D7739B8005CA1BA /* ProgressHUD in Frameworks */ = {isa = PBXBuildFile; productRef = 3CBFD55E2D7739B8005CA1BA /* ProgressHUD */; };
/* End PBXBuildFile section */

/* Begin PBXContainerItemProxy section */
		3CCFB0EF2DAE7B59000211F4 /* PBXContainerItemProxy */ = {
			isa = PBXContainerItemProxy;
			containerPortal = 3C3D1B332D4599A500D5287C /* Project object */;
			proxyType = 1;
			remoteGlobalIDString = 3C3D1B3A2D4599A500D5287C;
			remoteInfo = ImageFeed;
		};
		3CCFB11F2DAE99D9000211F4 /* PBXContainerItemProxy */ = {
			isa = PBXContainerItemProxy;
			containerPortal = 3C3D1B332D4599A500D5287C /* Project object */;
			proxyType = 1;
			remoteGlobalIDString = 3C3D1B3A2D4599A500D5287C;
			remoteInfo = ImageFeed;
		};
/* End PBXContainerItemProxy section */

/* Begin PBXFileReference section */
		3C3D1B3B2D4599A500D5287C /* ImageFeed.app */ = {isa = PBXFileReference; explicitFileType = wrapper.application; includeInIndex = 0; path = ImageFeed.app; sourceTree = BUILT_PRODUCTS_DIR; };
		3CCFB0EB2DAE7B59000211F4 /* ImageFeedTests.xctest */ = {isa = PBXFileReference; explicitFileType = wrapper.cfbundle; includeInIndex = 0; path = ImageFeedTests.xctest; sourceTree = BUILT_PRODUCTS_DIR; };
		3CCFB1192DAE99D9000211F4 /* ImageFeedUITests.xctest */ = {isa = PBXFileReference; explicitFileType = wrapper.cfbundle; includeInIndex = 0; path = ImageFeedUITests.xctest; sourceTree = BUILT_PRODUCTS_DIR; };
/* End PBXFileReference section */

/* Begin PBXFileSystemSynchronizedBuildFileExceptionSet section */
		3C3D1B4D2D4599A600D5287C /* Exceptions for "ImageFeed" folder in "ImageFeed" target */ = {
			isa = PBXFileSystemSynchronizedBuildFileExceptionSet;
			membershipExceptions = (
				Resources/Info.plist,
			);
			target = 3C3D1B3A2D4599A500D5287C /* ImageFeed */;
		};
/* End PBXFileSystemSynchronizedBuildFileExceptionSet section */

/* Begin PBXFileSystemSynchronizedRootGroup section */
		3C3D1B3D2D4599A500D5287C /* ImageFeed */ = {
			isa = PBXFileSystemSynchronizedRootGroup;
			exceptions = (
				3C3D1B4D2D4599A600D5287C /* Exceptions for "ImageFeed" folder in "ImageFeed" target */,
			);
			path = ImageFeed;
			sourceTree = "<group>";
		};
		3CCFB0EC2DAE7B59000211F4 /* ImageFeedTests */ = {
			isa = PBXFileSystemSynchronizedRootGroup;
			path = ImageFeedTests;
			sourceTree = "<group>";
		};
		3CCFB11A2DAE99D9000211F4 /* ImageFeedUITests */ = {
			isa = PBXFileSystemSynchronizedRootGroup;
			path = ImageFeedUITests;
			sourceTree = "<group>";
		};
/* End PBXFileSystemSynchronizedRootGroup section */

/* Begin PBXFrameworksBuildPhase section */
		3C3D1B382D4599A500D5287C /* Frameworks */ = {
			isa = PBXFrameworksBuildPhase;
			buildActionMask = 2147483647;
			files = (
				3C2697D92D84C4DC00B01E05 /* Kingfisher in Frameworks */,
				3CBFD55F2D7739B8005CA1BA /* ProgressHUD in Frameworks */,
				3C2697DC2D84C86F00B01E05 /* SwiftKeychainWrapper in Frameworks */,
			);
			runOnlyForDeploymentPostprocessing = 0;
		};
		3CCFB0E82DAE7B59000211F4 /* Frameworks */ = {
			isa = PBXFrameworksBuildPhase;
			buildActionMask = 2147483647;
			files = (
			);
			runOnlyForDeploymentPostprocessing = 0;
		};
		3CCFB1162DAE99D9000211F4 /* Frameworks */ = {
			isa = PBXFrameworksBuildPhase;
			buildActionMask = 2147483647;
			files = (
			);
			runOnlyForDeploymentPostprocessing = 0;
		};
/* End PBXFrameworksBuildPhase section */

/* Begin PBXGroup section */
		3C3D1B322D4599A500D5287C = {
			isa = PBXGroup;
			children = (
				3C3D1B3D2D4599A500D5287C /* ImageFeed */,
				3CCFB0EC2DAE7B59000211F4 /* ImageFeedTests */,
				3CCFB11A2DAE99D9000211F4 /* ImageFeedUITests */,
				3C3D1B3C2D4599A500D5287C /* Products */,
			);
			sourceTree = "<group>";
		};
		3C3D1B3C2D4599A500D5287C /* Products */ = {
			isa = PBXGroup;
			children = (
				3C3D1B3B2D4599A500D5287C /* ImageFeed.app */,
				3CCFB0EB2DAE7B59000211F4 /* ImageFeedTests.xctest */,
				3CCFB1192DAE99D9000211F4 /* ImageFeedUITests.xctest */,
			);
			name = Products;
			sourceTree = "<group>";
		};
/* End PBXGroup section */

/* Begin PBXNativeTarget section */
		3C3D1B3A2D4599A500D5287C /* ImageFeed */ = {
			isa = PBXNativeTarget;
			buildConfigurationList = 3C3D1B4E2D4599A600D5287C /* Build configuration list for PBXNativeTarget "ImageFeed" */;
			buildPhases = (
				3C3D1B372D4599A500D5287C /* Sources */,
				3C3D1B382D4599A500D5287C /* Frameworks */,
				3C3D1B392D4599A500D5287C /* Resources */,
			);
			buildRules = (
			);
			dependencies = (
			);
			fileSystemSynchronizedGroups = (
				3C3D1B3D2D4599A500D5287C /* ImageFeed */,
			);
			name = ImageFeed;
			packageProductDependencies = (
				3CBFD55E2D7739B8005CA1BA /* ProgressHUD */,
				3C2697D82D84C4DC00B01E05 /* Kingfisher */,
				3C2697DB2D84C86F00B01E05 /* SwiftKeychainWrapper */,
			);
			productName = ImageFeed;
			productReference = 3C3D1B3B2D4599A500D5287C /* ImageFeed.app */;
			productType = "com.apple.product-type.application";
		};
		3CCFB0EA2DAE7B59000211F4 /* ImageFeedTests */ = {
			isa = PBXNativeTarget;
			buildConfigurationList = 3CCFB0F12DAE7B59000211F4 /* Build configuration list for PBXNativeTarget "ImageFeedTests" */;
			buildPhases = (
				3CCFB0E72DAE7B59000211F4 /* Sources */,
				3CCFB0E82DAE7B59000211F4 /* Frameworks */,
				3CCFB0E92DAE7B59000211F4 /* Resources */,
			);
			buildRules = (
			);
			dependencies = (
				3CCFB0F02DAE7B59000211F4 /* PBXTargetDependency */,
			);
			fileSystemSynchronizedGroups = (
				3CCFB0EC2DAE7B59000211F4 /* ImageFeedTests */,
			);
			name = ImageFeedTests;
			packageProductDependencies = (
			);
			productName = ImageFeedTests;
			productReference = 3CCFB0EB2DAE7B59000211F4 /* ImageFeedTests.xctest */;
			productType = "com.apple.product-type.bundle.unit-test";
		};
		3CCFB1182DAE99D9000211F4 /* ImageFeedUITests */ = {
			isa = PBXNativeTarget;
			buildConfigurationList = 3CCFB1212DAE99D9000211F4 /* Build configuration list for PBXNativeTarget "ImageFeedUITests" */;
			buildPhases = (
				3CCFB1152DAE99D9000211F4 /* Sources */,
				3CCFB1162DAE99D9000211F4 /* Frameworks */,
				3CCFB1172DAE99D9000211F4 /* Resources */,
			);
			buildRules = (
			);
			dependencies = (
				3CCFB1202DAE99D9000211F4 /* PBXTargetDependency */,
			);
			fileSystemSynchronizedGroups = (
				3CCFB11A2DAE99D9000211F4 /* ImageFeedUITests */,
			);
			name = ImageFeedUITests;
			packageProductDependencies = (
			);
			productName = ImageFeedUITests;
			productReference = 3CCFB1192DAE99D9000211F4 /* ImageFeedUITests.xctest */;
			productType = "com.apple.product-type.bundle.ui-testing";
		};
/* End PBXNativeTarget section */

/* Begin PBXProject section */
		3C3D1B332D4599A500D5287C /* Project object */ = {
			isa = PBXProject;
			attributes = {
				BuildIndependentTargetsInParallel = 1;
				LastSwiftUpdateCheck = 1620;
				LastUpgradeCheck = 1620;
				TargetAttributes = {
					3C3D1B3A2D4599A500D5287C = {
						CreatedOnToolsVersion = 16.2;
					};
					3CCFB0EA2DAE7B59000211F4 = {
						CreatedOnToolsVersion = 16.2;
						TestTargetID = 3C3D1B3A2D4599A500D5287C;
					};
					3CCFB1182DAE99D9000211F4 = {
						CreatedOnToolsVersion = 16.2;
						TestTargetID = 3C3D1B3A2D4599A500D5287C;
					};
				};
			};
			buildConfigurationList = 3C3D1B362D4599A500D5287C /* Build configuration list for PBXProject "ImageFeed" */;
			developmentRegion = en;
			hasScannedForEncodings = 0;
			knownRegions = (
				en,
				Base,
			);
			mainGroup = 3C3D1B322D4599A500D5287C;
			minimizedProjectReferenceProxies = 1;
			packageReferences = (
				3CBFD55D2D7739B8005CA1BA /* XCRemoteSwiftPackageReference "ProgressHUD" */,
				3C2697D72D84C4DC00B01E05 /* XCRemoteSwiftPackageReference "Kingfisher" */,
				3C2697DA2D84C86F00B01E05 /* XCRemoteSwiftPackageReference "SwiftKeychainWrapper" */,
			);
			preferredProjectObjectVersion = 77;
			productRefGroup = 3C3D1B3C2D4599A500D5287C /* Products */;
			projectDirPath = "";
			projectRoot = "";
			targets = (
				3C3D1B3A2D4599A500D5287C /* ImageFeed */,
				3CCFB0EA2DAE7B59000211F4 /* ImageFeedTests */,
				3CCFB1182DAE99D9000211F4 /* ImageFeedUITests */,
			);
		};
/* End PBXProject section */

/* Begin PBXResourcesBuildPhase section */
		3C3D1B392D4599A500D5287C /* Resources */ = {
			isa = PBXResourcesBuildPhase;
			buildActionMask = 2147483647;
			files = (
			);
			runOnlyForDeploymentPostprocessing = 0;
		};
		3CCFB0E92DAE7B59000211F4 /* Resources */ = {
			isa = PBXResourcesBuildPhase;
			buildActionMask = 2147483647;
			files = (
			);
			runOnlyForDeploymentPostprocessing = 0;
		};
		3CCFB1172DAE99D9000211F4 /* Resources */ = {
			isa = PBXResourcesBuildPhase;
			buildActionMask = 2147483647;
			files = (
			);
			runOnlyForDeploymentPostprocessing = 0;
		};
/* End PBXResourcesBuildPhase section */

/* Begin PBXSourcesBuildPhase section */
		3C3D1B372D4599A500D5287C /* Sources */ = {
			isa = PBXSourcesBuildPhase;
			buildActionMask = 2147483647;
			files = (
			);
			runOnlyForDeploymentPostprocessing = 0;
		};
		3CCFB0E72DAE7B59000211F4 /* Sources */ = {
			isa = PBXSourcesBuildPhase;
			buildActionMask = 2147483647;
			files = (
			);
			runOnlyForDeploymentPostprocessing = 0;
		};
		3CCFB1152DAE99D9000211F4 /* Sources */ = {
			isa = PBXSourcesBuildPhase;
			buildActionMask = 2147483647;
			files = (
			);
			runOnlyForDeploymentPostprocessing = 0;
		};
/* End PBXSourcesBuildPhase section */

/* Begin PBXTargetDependency section */
		3CCFB0F02DAE7B59000211F4 /* PBXTargetDependency */ = {
			isa = PBXTargetDependency;
			target = 3C3D1B3A2D4599A500D5287C /* ImageFeed */;
			targetProxy = 3CCFB0EF2DAE7B59000211F4 /* PBXContainerItemProxy */;
		};
		3CCFB1202DAE99D9000211F4 /* PBXTargetDependency */ = {
			isa = PBXTargetDependency;
			target = 3C3D1B3A2D4599A500D5287C /* ImageFeed */;
			targetProxy = 3CCFB11F2DAE99D9000211F4 /* PBXContainerItemProxy */;
		};
/* End PBXTargetDependency section */

/* Begin XCBuildConfiguration section */
		3C3D1B4F2D4599A600D5287C /* Debug */ = {
			isa = XCBuildConfiguration;
			buildSettings = {
				ASSETCATALOG_COMPILER_APPICON_NAME = AppIcon;
				ASSETCATALOG_COMPILER_GLOBAL_ACCENT_COLOR_NAME = AccentColor;
				CODE_SIGN_IDENTITY = "Apple Development";
				CODE_SIGN_STYLE = Automatic;
				CURRENT_PROJECT_VERSION = 1;
				DEVELOPMENT_TEAM = M5KG29P3ML;
				GENERATE_INFOPLIST_FILE = YES;
				INFOPLIST_FILE = ImageFeed/Resources/Info.plist;
				INFOPLIST_KEY_UIApplicationSupportsIndirectInputEvents = YES;
				INFOPLIST_KEY_UILaunchStoryboardName = LaunchScreen;
				INFOPLIST_KEY_UIMainStoryboardFile = Main;
				INFOPLIST_KEY_UISupportedInterfaceOrientations = UIInterfaceOrientationPortrait;
				INFOPLIST_KEY_UISupportedInterfaceOrientations_iPad = "UIInterfaceOrientationLandscapeLeft UIInterfaceOrientationLandscapeRight UIInterfaceOrientationPortrait UIInterfaceOrientationPortraitUpsideDown";
				IPHONEOS_DEPLOYMENT_TARGET = 14.0;
				LD_RUNPATH_SEARCH_PATHS = (
					"$(inherited)",
					"@executable_path/Frameworks",
				);
				MARKETING_VERSION = 1.0;
				PRODUCT_BUNDLE_IDENTIFIER = com.github.resxton.ImageFeedLatest;
				PRODUCT_NAME = "$(TARGET_NAME)";
				PROVISIONING_PROFILE_SPECIFIER = "";
				SUPPORTED_PLATFORMS = "iphoneos iphonesimulator";
				SUPPORTS_MACCATALYST = NO;
				SUPPORTS_MAC_DESIGNED_FOR_IPHONE_IPAD = NO;
				SUPPORTS_XR_DESIGNED_FOR_IPHONE_IPAD = NO;
				SWIFT_EMIT_LOC_STRINGS = YES;
				SWIFT_VERSION = 5.0;
				TARGETED_DEVICE_FAMILY = 1;
			};
			name = Debug;
		};
		3C3D1B502D4599A600D5287C /* Release */ = {
			isa = XCBuildConfiguration;
			buildSettings = {
				ASSETCATALOG_COMPILER_APPICON_NAME = AppIcon;
				ASSETCATALOG_COMPILER_GLOBAL_ACCENT_COLOR_NAME = AccentColor;
				CODE_SIGN_IDENTITY = "Apple Development";
				CODE_SIGN_STYLE = Automatic;
				CURRENT_PROJECT_VERSION = 1;
				DEVELOPMENT_TEAM = M5KG29P3ML;
				GENERATE_INFOPLIST_FILE = YES;
				INFOPLIST_FILE = ImageFeed/Resources/Info.plist;
				INFOPLIST_KEY_UIApplicationSupportsIndirectInputEvents = YES;
				INFOPLIST_KEY_UILaunchStoryboardName = LaunchScreen;
				INFOPLIST_KEY_UIMainStoryboardFile = Main;
				INFOPLIST_KEY_UISupportedInterfaceOrientations = UIInterfaceOrientationPortrait;
				INFOPLIST_KEY_UISupportedInterfaceOrientations_iPad = "UIInterfaceOrientationLandscapeLeft UIInterfaceOrientationLandscapeRight UIInterfaceOrientationPortrait UIInterfaceOrientationPortraitUpsideDown";
				IPHONEOS_DEPLOYMENT_TARGET = 14.0;
				LD_RUNPATH_SEARCH_PATHS = (
					"$(inherited)",
					"@executable_path/Frameworks",
				);
				MARKETING_VERSION = 1.0;
				PRODUCT_BUNDLE_IDENTIFIER = com.github.resxton.ImageFeedLatest;
				PRODUCT_NAME = "$(TARGET_NAME)";
				PROVISIONING_PROFILE_SPECIFIER = "";
				SUPPORTED_PLATFORMS = "iphoneos iphonesimulator";
				SUPPORTS_MACCATALYST = NO;
				SUPPORTS_MAC_DESIGNED_FOR_IPHONE_IPAD = NO;
				SUPPORTS_XR_DESIGNED_FOR_IPHONE_IPAD = NO;
				SWIFT_EMIT_LOC_STRINGS = YES;
				SWIFT_VERSION = 5.0;
				TARGETED_DEVICE_FAMILY = 1;
			};
			name = Release;
		};
		3C3D1B512D4599A600D5287C /* Debug */ = {
			isa = XCBuildConfiguration;
			buildSettings = {
				ALWAYS_SEARCH_USER_PATHS = NO;
				ASSETCATALOG_COMPILER_GENERATE_SWIFT_ASSET_SYMBOL_EXTENSIONS = YES;
				CLANG_ANALYZER_NONNULL = YES;
				CLANG_ANALYZER_NUMBER_OBJECT_CONVERSION = YES_AGGRESSIVE;
				CLANG_CXX_LANGUAGE_STANDARD = "gnu++20";
				CLANG_ENABLE_MODULES = YES;
				CLANG_ENABLE_OBJC_ARC = YES;
				CLANG_ENABLE_OBJC_WEAK = YES;
				CLANG_WARN_BLOCK_CAPTURE_AUTORELEASING = YES;
				CLANG_WARN_BOOL_CONVERSION = YES;
				CLANG_WARN_COMMA = YES;
				CLANG_WARN_CONSTANT_CONVERSION = YES;
				CLANG_WARN_DEPRECATED_OBJC_IMPLEMENTATIONS = YES;
				CLANG_WARN_DIRECT_OBJC_ISA_USAGE = YES_ERROR;
				CLANG_WARN_DOCUMENTATION_COMMENTS = YES;
				CLANG_WARN_EMPTY_BODY = YES;
				CLANG_WARN_ENUM_CONVERSION = YES;
				CLANG_WARN_INFINITE_RECURSION = YES;
				CLANG_WARN_INT_CONVERSION = YES;
				CLANG_WARN_NON_LITERAL_NULL_CONVERSION = YES;
				CLANG_WARN_OBJC_IMPLICIT_RETAIN_SELF = YES;
				CLANG_WARN_OBJC_LITERAL_CONVERSION = YES;
				CLANG_WARN_OBJC_ROOT_CLASS = YES_ERROR;
				CLANG_WARN_QUOTED_INCLUDE_IN_FRAMEWORK_HEADER = YES;
				CLANG_WARN_RANGE_LOOP_ANALYSIS = YES;
				CLANG_WARN_STRICT_PROTOTYPES = YES;
				CLANG_WARN_SUSPICIOUS_MOVE = YES;
				CLANG_WARN_UNGUARDED_AVAILABILITY = YES_AGGRESSIVE;
				CLANG_WARN_UNREACHABLE_CODE = YES;
				CLANG_WARN__DUPLICATE_METHOD_MATCH = YES;
				COPY_PHASE_STRIP = NO;
				DEBUG_INFORMATION_FORMAT = dwarf;
				ENABLE_STRICT_OBJC_MSGSEND = YES;
				ENABLE_TESTABILITY = YES;
				ENABLE_USER_SCRIPT_SANDBOXING = YES;
				GCC_C_LANGUAGE_STANDARD = gnu17;
				GCC_DYNAMIC_NO_PIC = NO;
				GCC_NO_COMMON_BLOCKS = YES;
				GCC_OPTIMIZATION_LEVEL = 0;
				GCC_PREPROCESSOR_DEFINITIONS = (
					"DEBUG=1",
					"$(inherited)",
				);
				GCC_WARN_64_TO_32_BIT_CONVERSION = YES;
				GCC_WARN_ABOUT_RETURN_TYPE = YES_ERROR;
				GCC_WARN_UNDECLARED_SELECTOR = YES;
				GCC_WARN_UNINITIALIZED_AUTOS = YES_AGGRESSIVE;
				GCC_WARN_UNUSED_FUNCTION = YES;
				GCC_WARN_UNUSED_VARIABLE = YES;
				IPHONEOS_DEPLOYMENT_TARGET = 18.2;
				LOCALIZATION_PREFERS_STRING_CATALOGS = YES;
				MTL_ENABLE_DEBUG_INFO = INCLUDE_SOURCE;
				MTL_FAST_MATH = YES;
				ONLY_ACTIVE_ARCH = YES;
				SDKROOT = iphoneos;
				SWIFT_ACTIVE_COMPILATION_CONDITIONS = "DEBUG $(inherited)";
				SWIFT_OPTIMIZATION_LEVEL = "-Onone";
			};
			name = Debug;
		};
		3C3D1B522D4599A600D5287C /* Release */ = {
			isa = XCBuildConfiguration;
			buildSettings = {
				ALWAYS_SEARCH_USER_PATHS = NO;
				ASSETCATALOG_COMPILER_GENERATE_SWIFT_ASSET_SYMBOL_EXTENSIONS = YES;
				CLANG_ANALYZER_NONNULL = YES;
				CLANG_ANALYZER_NUMBER_OBJECT_CONVERSION = YES_AGGRESSIVE;
				CLANG_CXX_LANGUAGE_STANDARD = "gnu++20";
				CLANG_ENABLE_MODULES = YES;
				CLANG_ENABLE_OBJC_ARC = YES;
				CLANG_ENABLE_OBJC_WEAK = YES;
				CLANG_WARN_BLOCK_CAPTURE_AUTORELEASING = YES;
				CLANG_WARN_BOOL_CONVERSION = YES;
				CLANG_WARN_COMMA = YES;
				CLANG_WARN_CONSTANT_CONVERSION = YES;
				CLANG_WARN_DEPRECATED_OBJC_IMPLEMENTATIONS = YES;
				CLANG_WARN_DIRECT_OBJC_ISA_USAGE = YES_ERROR;
				CLANG_WARN_DOCUMENTATION_COMMENTS = YES;
				CLANG_WARN_EMPTY_BODY = YES;
				CLANG_WARN_ENUM_CONVERSION = YES;
				CLANG_WARN_INFINITE_RECURSION = YES;
				CLANG_WARN_INT_CONVERSION = YES;
				CLANG_WARN_NON_LITERAL_NULL_CONVERSION = YES;
				CLANG_WARN_OBJC_IMPLICIT_RETAIN_SELF = YES;
				CLANG_WARN_OBJC_LITERAL_CONVERSION = YES;
				CLANG_WARN_OBJC_ROOT_CLASS = YES_ERROR;
				CLANG_WARN_QUOTED_INCLUDE_IN_FRAMEWORK_HEADER = YES;
				CLANG_WARN_RANGE_LOOP_ANALYSIS = YES;
				CLANG_WARN_STRICT_PROTOTYPES = YES;
				CLANG_WARN_SUSPICIOUS_MOVE = YES;
				CLANG_WARN_UNGUARDED_AVAILABILITY = YES_AGGRESSIVE;
				CLANG_WARN_UNREACHABLE_CODE = YES;
				CLANG_WARN__DUPLICATE_METHOD_MATCH = YES;
				COPY_PHASE_STRIP = NO;
				DEBUG_INFORMATION_FORMAT = "dwarf-with-dsym";
				ENABLE_NS_ASSERTIONS = NO;
				ENABLE_STRICT_OBJC_MSGSEND = YES;
				ENABLE_USER_SCRIPT_SANDBOXING = YES;
				GCC_C_LANGUAGE_STANDARD = gnu17;
				GCC_NO_COMMON_BLOCKS = YES;
				GCC_WARN_64_TO_32_BIT_CONVERSION = YES;
				GCC_WARN_ABOUT_RETURN_TYPE = YES_ERROR;
				GCC_WARN_UNDECLARED_SELECTOR = YES;
				GCC_WARN_UNINITIALIZED_AUTOS = YES_AGGRESSIVE;
				GCC_WARN_UNUSED_FUNCTION = YES;
				GCC_WARN_UNUSED_VARIABLE = YES;
				IPHONEOS_DEPLOYMENT_TARGET = 18.2;
				LOCALIZATION_PREFERS_STRING_CATALOGS = YES;
				MTL_ENABLE_DEBUG_INFO = NO;
				MTL_FAST_MATH = YES;
				SDKROOT = iphoneos;
				SWIFT_COMPILATION_MODE = wholemodule;
				VALIDATE_PRODUCT = YES;
			};
			name = Release;
		};
		3CCFB0F22DAE7B59000211F4 /* Debug */ = {
			isa = XCBuildConfiguration;
			buildSettings = {
				BUNDLE_LOADER = "$(TEST_HOST)";
				CODE_SIGN_STYLE = Automatic;
				CURRENT_PROJECT_VERSION = 1;
				DEVELOPMENT_TEAM = M5KG29P3ML;
				GENERATE_INFOPLIST_FILE = YES;
				MARKETING_VERSION = 1.0;
				PRODUCT_BUNDLE_IDENTIFIER = com.github.resxton.ImageFeedTests;
				PRODUCT_NAME = "$(TARGET_NAME)";
				SWIFT_EMIT_LOC_STRINGS = NO;
				SWIFT_VERSION = 5.0;
				TARGETED_DEVICE_FAMILY = "1,2";
				TEST_HOST = "$(BUILT_PRODUCTS_DIR)/ImageFeed.app/$(BUNDLE_EXECUTABLE_FOLDER_PATH)/ImageFeed";
			};
			name = Debug;
		};
		3CCFB0F32DAE7B59000211F4 /* Release */ = {
			isa = XCBuildConfiguration;
			buildSettings = {
				BUNDLE_LOADER = "$(TEST_HOST)";
				CODE_SIGN_STYLE = Automatic;
				CURRENT_PROJECT_VERSION = 1;
				DEVELOPMENT_TEAM = M5KG29P3ML;
				GENERATE_INFOPLIST_FILE = YES;
				MARKETING_VERSION = 1.0;
				PRODUCT_BUNDLE_IDENTIFIER = com.github.resxton.ImageFeedTests;
				PRODUCT_NAME = "$(TARGET_NAME)";
				SWIFT_EMIT_LOC_STRINGS = NO;
				SWIFT_VERSION = 5.0;
				TARGETED_DEVICE_FAMILY = "1,2";
				TEST_HOST = "$(BUILT_PRODUCTS_DIR)/ImageFeed.app/$(BUNDLE_EXECUTABLE_FOLDER_PATH)/ImageFeed";
			};
			name = Release;
		};
		3CCFB1222DAE99D9000211F4 /* Debug */ = {
			isa = XCBuildConfiguration;
			buildSettings = {
				CODE_SIGN_STYLE = Automatic;
				CURRENT_PROJECT_VERSION = 1;
				DEVELOPMENT_TEAM = M5KG29P3ML;
				GENERATE_INFOPLIST_FILE = YES;
				MARKETING_VERSION = 1.0;
				PRODUCT_BUNDLE_IDENTIFIER = com.github.resxton.ImageFeed.ImageFeedUITests1;
				PRODUCT_NAME = "$(TARGET_NAME)";
				SWIFT_EMIT_LOC_STRINGS = NO;
				SWIFT_VERSION = 5.0;
				TARGETED_DEVICE_FAMILY = "1,2";
				TEST_TARGET_NAME = ImageFeed;
			};
			name = Debug;
		};
		3CCFB1232DAE99D9000211F4 /* Release */ = {
			isa = XCBuildConfiguration;
			buildSettings = {
				CODE_SIGN_STYLE = Automatic;
				CURRENT_PROJECT_VERSION = 1;
				DEVELOPMENT_TEAM = M5KG29P3ML;
				GENERATE_INFOPLIST_FILE = YES;
				MARKETING_VERSION = 1.0;
				PRODUCT_BUNDLE_IDENTIFIER = com.github.resxton.ImageFeed.ImageFeedUITests1;
				PRODUCT_NAME = "$(TARGET_NAME)";
				SWIFT_EMIT_LOC_STRINGS = NO;
				SWIFT_VERSION = 5.0;
				TARGETED_DEVICE_FAMILY = "1,2";
				TEST_TARGET_NAME = ImageFeed;
			};
			name = Release;
		};
/* End XCBuildConfiguration section */

/* Begin XCConfigurationList section */
		3C3D1B362D4599A500D5287C /* Build configuration list for PBXProject "ImageFeed" */ = {
			isa = XCConfigurationList;
			buildConfigurations = (
				3C3D1B512D4599A600D5287C /* Debug */,
				3C3D1B522D4599A600D5287C /* Release */,
			);
			defaultConfigurationIsVisible = 0;
			defaultConfigurationName = Release;
		};
		3C3D1B4E2D4599A600D5287C /* Build configuration list for PBXNativeTarget "ImageFeed" */ = {
			isa = XCConfigurationList;
			buildConfigurations = (
				3C3D1B4F2D4599A600D5287C /* Debug */,
				3C3D1B502D4599A600D5287C /* Release */,
			);
			defaultConfigurationIsVisible = 0;
			defaultConfigurationName = Release;
		};
		3CCFB0F12DAE7B59000211F4 /* Build configuration list for PBXNativeTarget "ImageFeedTests" */ = {
			isa = XCConfigurationList;
			buildConfigurations = (
				3CCFB0F22DAE7B59000211F4 /* Debug */,
				3CCFB0F32DAE7B59000211F4 /* Release */,
			);
			defaultConfigurationIsVisible = 0;
			defaultConfigurationName = Release;
		};
		3CCFB1212DAE99D9000211F4 /* Build configuration list for PBXNativeTarget "ImageFeedUITests" */ = {
			isa = XCConfigurationList;
			buildConfigurations = (
				3CCFB1222DAE99D9000211F4 /* Debug */,
				3CCFB1232DAE99D9000211F4 /* Release */,
			);
			defaultConfigurationIsVisible = 0;
			defaultConfigurationName = Release;
		};
/* End XCConfigurationList section */

/* Begin XCRemoteSwiftPackageReference section */
		3C2697D72D84C4DC00B01E05 /* XCRemoteSwiftPackageReference "Kingfisher" */ = {
			isa = XCRemoteSwiftPackageReference;
			repositoryURL = "https://github.com/onevcat/Kingfisher.git";
			requirement = {
				kind = upToNextMajorVersion;
				minimumVersion = 8.3.0;
			};
		};
		3C2697DA2D84C86F00B01E05 /* XCRemoteSwiftPackageReference "SwiftKeychainWrapper" */ = {
			isa = XCRemoteSwiftPackageReference;
			repositoryURL = "https://github.com/jrendel/SwiftKeychainWrapper.git";
			requirement = {
				kind = upToNextMajorVersion;
				minimumVersion = 4.0.1;
			};
		};
		3CBFD55D2D7739B8005CA1BA /* XCRemoteSwiftPackageReference "ProgressHUD" */ = {
			isa = XCRemoteSwiftPackageReference;
			repositoryURL = "https://github.com/relatedcode/ProgressHUD";
			requirement = {
				kind = upToNextMajorVersion;
				minimumVersion = 14.1.3;
			};
		};
/* End XCRemoteSwiftPackageReference section */

/* Begin XCSwiftPackageProductDependency section */
		3C2697D82D84C4DC00B01E05 /* Kingfisher */ = {
			isa = XCSwiftPackageProductDependency;
			package = 3C2697D72D84C4DC00B01E05 /* XCRemoteSwiftPackageReference "Kingfisher" */;
			productName = Kingfisher;
		};
		3C2697DB2D84C86F00B01E05 /* SwiftKeychainWrapper */ = {
			isa = XCSwiftPackageProductDependency;
			package = 3C2697DA2D84C86F00B01E05 /* XCRemoteSwiftPackageReference "SwiftKeychainWrapper" */;
			productName = SwiftKeychainWrapper;
		};
		3CBFD55E2D7739B8005CA1BA /* ProgressHUD */ = {
			isa = XCSwiftPackageProductDependency;
			package = 3CBFD55D2D7739B8005CA1BA /* XCRemoteSwiftPackageReference "ProgressHUD" */;
			productName = ProgressHUD;
		};
/* End XCSwiftPackageProductDependency section */
	};
	rootObject = 3C3D1B332D4599A500D5287C /* Project object */;
}
